PODS:
  - ios_bucksapp_sdk (0.1.9-wally)

DEPENDENCIES:
  - ios_bucksapp_sdk (from `../`)

EXTERNAL SOURCES:
  ios_bucksapp_sdk:
    :path: "../"

SPEC CHECKSUMS:
  ios_bucksapp_sdk: 712d79c8ac3834f35d7a2a7c3461329e801e3fed

PODFILE CHECKSUM: be49695f58ce04fdea53b5822598d22f959ddc1c

COCOAPODS: 1.15.2
